
Microsoft Visual Studio Solution File, Format Version 12.00
# Visual Studio Version 16
VisualStudioVersion = 16.0.30114.105
MinimumVisualStudioVersion = 10.0.40219.1
Project("{8BC9CEB8-8B4A-11D0-8D11-00A0C91BC942}") = "ConsoleApps_main", "ConsoleApps_main\ConsoleApps_main.vcxproj", "{1E6FFEC0-C507-4F77-9C9F-536849ECDDC7}"
EndProject
Project("{8BC9CEB8-8B4A-11D0-8D11-00A0C91BC942}") = "FuncLib", "FuncLib\FuncLib.vcxproj", "{84CB18D0-F36E-4FC0-AB52-E7A984238D44}"
EndProject
Project("{8BC9CEB8-8B4A-11D0-8D11-00A0C91BC942}") = "httpd_lib", "httpd_lib\httpd_lib.vcxproj", "{18882E2E-3C62-448B-9719-09330AE8A174}"
EndProject
Global
	GlobalSection(SolutionConfigurationPlatforms) = preSolution
		Debug|x64 = Debug|x64
		Debug|x86 = Debug|x86
		Release|x64 = Release|x64
		Release|x86 = Release|x86
	EndGlobalSection
	GlobalSection(ProjectConfigurationPlatforms) = postSolution
		{1E6FFEC0-C507-4F77-9C9F-536849ECDDC7}.Debug|x64.ActiveCfg = Debug|x64
		{1E6FFEC0-C507-4F77-9C9F-536849ECDDC7}.Debug|x64.Build.0 = Debug|x64
		{1E6FFEC0-C507-4F77-9C9F-536849ECDDC7}.Debug|x86.ActiveCfg = Debug|Win32
		{1E6FFEC0-C507-4F77-9C9F-536849ECDDC7}.Debug|x86.Build.0 = Debug|Win32
		{1E6FFEC0-C507-4F77-9C9F-536849ECDDC7}.Release|x64.ActiveCfg = Release|x64
		{1E6FFEC0-C507-4F77-9C9F-536849ECDDC7}.Release|x64.Build.0 = Release|x64
		{1E6FFEC0-C507-4F77-9C9F-536849ECDDC7}.Release|x86.ActiveCfg = Release|Win32
		{1E6FFEC0-C507-4F77-9C9F-536849ECDDC7}.Release|x86.Build.0 = Release|Win32
		{84CB18D0-F36E-4FC0-AB52-E7A984238D44}.Debug|x64.ActiveCfg = Debug|x64
		{84CB18D0-F36E-4FC0-AB52-E7A984238D44}.Debug|x64.Build.0 = Debug|x64
		{84CB18D0-F36E-4FC0-AB52-E7A984238D44}.Debug|x86.ActiveCfg = Debug|Win32
		{84CB18D0-F36E-4FC0-AB52-E7A984238D44}.Debug|x86.Build.0 = Debug|Win32
		{84CB18D0-F36E-4FC0-AB52-E7A984238D44}.Release|x64.ActiveCfg = Release|x64
		{84CB18D0-F36E-4FC0-AB52-E7A984238D44}.Release|x64.Build.0 = Release|x64
		{84CB18D0-F36E-4FC0-AB52-E7A984238D44}.Release|x86.ActiveCfg = Release|Win32
		{84CB18D0-F36E-4FC0-AB52-E7A984238D44}.Release|x86.Build.0 = Release|Win32
		{18882E2E-3C62-448B-9719-09330AE8A174}.Debug|x64.ActiveCfg = Debug|x64
		{18882E2E-3C62-448B-9719-09330AE8A174}.Debug|x64.Build.0 = Debug|x64
		{18882E2E-3C62-448B-9719-09330AE8A174}.Debug|x86.ActiveCfg = Debug|Win32
		{18882E2E-3C62-448B-9719-09330AE8A174}.Debug|x86.Build.0 = Debug|Win32
		{18882E2E-3C62-448B-9719-09330AE8A174}.Release|x64.ActiveCfg = Release|x64
		{18882E2E-3C62-448B-9719-09330AE8A174}.Release|x64.Build.0 = Release|x64
		{18882E2E-3C62-448B-9719-09330AE8A174}.Release|x86.ActiveCfg = Release|Win32
		{18882E2E-3C62-448B-9719-09330AE8A174}.Release|x86.Build.0 = Release|Win32
	EndGlobalSection
	GlobalSection(SolutionProperties) = preSolution
		HideSolutionNode = FALSE
	EndGlobalSection
	GlobalSection(ExtensibilityGlobals) = postSolution
		SolutionGuid = {8E0A59DC-1D66-4E50-9278-18B6072CF050}
	EndGlobalSection
EndGlobal
